
Microsoft Visual Studio Solution File, Format Version 12.00
# Visual Studio Version 17
VisualStudioVersion = 17.5.002.0
MinimumVisualStudioVersion = 10.0.40219.1
Project("{9A19103F-16F7-4668-BE54-9A1E7A4F7556}") = "DotnetAPI", "DotnetAPI.csproj", "{F9B96527-E1F8-4E06-9D1D-26A0460D16F6}"
EndProject
Global
	GlobalSection(SolutionConfigurationPlatforms) = preSolution
		Debug|Any CPU = Debug|Any CPU
		Release|Any CPU = Release|Any CPU
	EndGlobalSection
	GlobalSection(ProjectConfigurationPlatforms) = postSolution
		{F9B96527-E1F8-4E06-9D1D-26A0460D16F6}.Debug|Any CPU.ActiveCfg = Debug|Any CPU
		{F9B96527-E1F8-4E06-9D1D-26A0460D16F6}.Debug|Any CPU.Build.0 = Debug|Any CPU
		{F9B96527-E1F8-4E06-9D1D-26A0460D16F6}.Release|Any CPU.ActiveCfg = Release|Any CPU
		{F9B96527-E1F8-4E06-9D1D-26A0460D16F6}.Release|Any CPU.Build.0 = Release|Any CPU
	EndGlobalSection
	GlobalSection(SolutionProperties) = preSolution
		HideSolutionNode = FALSE
	EndGlobalSection
	GlobalSection(ExtensibilityGlobals) = postSolution
		SolutionGuid = {0034632F-3E14-43C2-BBDE-EABB526CE949}
	EndGlobalSection
EndGlobal
